
Microsoft Visual Studio Solution File, Format Version 12.00
# Visual Studio Version 17
VisualStudioVersion = 17.7.34031.279
MinimumVisualStudioVersion = 10.0.40219.1
Project("{FAE04EC0-301F-11D3-BF4B-00C04F79EFBC}") = "WebApplicationSOMIOD", "WebApplicationSOMIOD\WebApplicationSOMIOD.csproj", "{8E437AB1-76EA-40F8-AE9F-7C58E04C7703}"
EndProject
Project("{FAE04EC0-301F-11D3-BF4B-00C04F79EFBC}") = "Project_IS_FrontEnd_1", "Project_IS_FrontEnd_1\Project_IS_FrontEnd_1.csproj", "{223E9731-1B73-499F-B017-CF78E33BB120}"
EndProject
Project("{FAE04EC0-301F-11D3-BF4B-00C04F79EFBC}") = "Ventoinha", "Ventoinha\Ventoinha.csproj", "{ADB9ECED-8DF0-4EB4-9C2A-78130F27D2E2}"
EndProject
Project("{FAE04EC0-301F-11D3-BF4B-00C04F79EFBC}") = "Interrupetor", "Interrupetor\Interrupetor.csproj", "{251D8158-D666-46A8-84C6-8DAB5CC25545}"
EndProject
Global
	GlobalSection(SolutionConfigurationPlatforms) = preSolution
		Debug|Any CPU = Debug|Any CPU
		Release|Any CPU = Release|Any CPU
	EndGlobalSection
	GlobalSection(ProjectConfigurationPlatforms) = postSolution
		{8E437AB1-76EA-40F8-AE9F-7C58E04C7703}.Debug|Any CPU.ActiveCfg = Debug|Any CPU
		{8E437AB1-76EA-40F8-AE9F-7C58E04C7703}.Debug|Any CPU.Build.0 = Debug|Any CPU
		{8E437AB1-76EA-40F8-AE9F-7C58E04C7703}.Release|Any CPU.ActiveCfg = Release|Any CPU
		{8E437AB1-76EA-40F8-AE9F-7C58E04C7703}.Release|Any CPU.Build.0 = Release|Any CPU
		{223E9731-1B73-499F-B017-CF78E33BB120}.Debug|Any CPU.ActiveCfg = Debug|Any CPU
		{223E9731-1B73-499F-B017-CF78E33BB120}.Debug|Any CPU.Build.0 = Debug|Any CPU
		{223E9731-1B73-499F-B017-CF78E33BB120}.Release|Any CPU.ActiveCfg = Release|Any CPU
		{223E9731-1B73-499F-B017-CF78E33BB120}.Release|Any CPU.Build.0 = Release|Any CPU
		{ADB9ECED-8DF0-4EB4-9C2A-78130F27D2E2}.Debug|Any CPU.ActiveCfg = Debug|Any CPU
		{ADB9ECED-8DF0-4EB4-9C2A-78130F27D2E2}.Debug|Any CPU.Build.0 = Debug|Any CPU
		{ADB9ECED-8DF0-4EB4-9C2A-78130F27D2E2}.Release|Any CPU.ActiveCfg = Release|Any CPU
		{ADB9ECED-8DF0-4EB4-9C2A-78130F27D2E2}.Release|Any CPU.Build.0 = Release|Any CPU
		{251D8158-D666-46A8-84C6-8DAB5CC25545}.Debug|Any CPU.ActiveCfg = Debug|Any CPU
		{251D8158-D666-46A8-84C6-8DAB5CC25545}.Debug|Any CPU.Build.0 = Debug|Any CPU
		{251D8158-D666-46A8-84C6-8DAB5CC25545}.Release|Any CPU.ActiveCfg = Release|Any CPU
		{251D8158-D666-46A8-84C6-8DAB5CC25545}.Release|Any CPU.Build.0 = Release|Any CPU
	EndGlobalSection
	GlobalSection(SolutionProperties) = preSolution
		HideSolutionNode = FALSE
	EndGlobalSection
	GlobalSection(ExtensibilityGlobals) = postSolution
		SolutionGuid = {C4E0EF32-F4A4-49A7-A8AB-1A574D64366B}
	EndGlobalSection
EndGlobal
